PODS:
  - Masonry (1.1.0)

DEPENDENCIES:
  - Masonry (~> 1.1.0)

SPEC REPOS:
  https://mirrors.tuna.tsinghua.edu.cn/git/CocoaPods/Specs.git:
    - Masonry

SPEC CHECKSUMS:
  Masonry: 678fab65091a9290e40e2832a55e7ab731aad201

PODFILE CHECKSUM: a84b9df070db3a5f7a32d0d5c9e3310384eda062

COCOAPODS: 1.10.0
