// !$*UTF8*$!
{
	archiveVersion = 1;
	classes = {
	};
	objectVersion = 51;
	objects = {

/* Begin PBXBuildFile section */
		6338695C254FAE7900806FDE /* AppDelegate.m in Sources */ = {isa = PBXBuildFile; fileRef = 6338695B254FAE7900806FDE /* AppDelegate.m */; };
		6338695F254FAE7900806FDE /* SceneDelegate.m in Sources */ = {isa = PBXBuildFile; fileRef = 6338695E254FAE7900806FDE /* SceneDelegate.m */; };
		63386962254FAE7900806FDE /* ViewController.m in Sources */ = {isa = PBXBuildFile; fileRef = 63386961254FAE7900806FDE /* ViewController.m */; };
		63386965254FAE7900806FDE /* Main.storyboard in Resources */ = {isa = PBXBuildFile; fileRef = 63386963254FAE7900806FDE /* Main.storyboard */; };
		63386967254FAE7B00806FDE /* Assets.xcassets in Resources */ = {isa = PBXBuildFile; fileRef = 63386966254FAE7B00806FDE /* Assets.xcassets */; };
		6338696A254FAE7B00806FDE /* LaunchScreen.storyboard in Resources */ = {isa = PBXBuildFile; fileRef = 63386968254FAE7B00806FDE /* LaunchScreen.storyboard */; };
		6338696D254FAE7B00806FDE /* main.m in Sources */ = {isa = PBXBuildFile; fileRef = 6338696C254FAE7B00806FDE /* main.m */; };
		6338697B254FB3B500806FDE /* RecordViewController.m in Sources */ = {isa = PBXBuildFile; fileRef = 6338697A254FB3B500806FDE /* RecordViewController.m */; };
		6338697F254FB40600806FDE /* cameraView.m in Sources */ = {isa = PBXBuildFile; fileRef = 6338697E254FB40600806FDE /* cameraView.m */; };
		63386983254FB49400806FDE /* CameraStatusModel.m in Sources */ = {isa = PBXBuildFile; fileRef = 63386982254FB49400806FDE /* CameraStatusModel.m */; };
		63386987254FB8A100806FDE /* AVAssetManager.m in Sources */ = {isa = PBXBuildFile; fileRef = 63386986254FB8A100806FDE /* AVAssetManager.m */; };
		63386990254FDD8E00806FDE /* UIColor+Hex.m in Sources */ = {isa = PBXBuildFile; fileRef = 6338698B254FDD8E00806FDE /* UIColor+Hex.m */; };
		63386991254FDD8E00806FDE /* XCFileManager.m in Sources */ = {isa = PBXBuildFile; fileRef = 6338698C254FDD8E00806FDE /* XCFileManager.m */; };
		63386992254FDD8E00806FDE /* FMRecordProgressView.m in Sources */ = {isa = PBXBuildFile; fileRef = 6338698D254FDD8E00806FDE /* FMRecordProgressView.m */; };
		63C5B1C7255B98D700283312 /* applelogo.jpg in Resources */ = {isa = PBXBuildFile; fileRef = 63C5B1C6255B98D700283312 /* applelogo.jpg */; };
		63C5B1CA255B997A00283312 /* applelogo.png in Resources */ = {isa = PBXBuildFile; fileRef = 63C5B1C9255B997A00283312 /* applelogo.png */; };
		63F2B1A125510268005063C6 /* ImagePickerViewController.m in Sources */ = {isa = PBXBuildFile; fileRef = 63F2B1A025510268005063C6 /* ImagePickerViewController.m */; };
		63F2B1A525513F07005063C6 /* RecordAudioViewController.m in Sources */ = {isa = PBXBuildFile; fileRef = 63F2B1A425513F07005063C6 /* RecordAudioViewController.m */; };
		98FC0C082CFE2D39D4DFE6EC /* Pods_RecordVideo.framework in Frameworks */ = {isa = PBXBuildFile; fileRef = EBC849B5437301F649FE4C42 /* Pods_RecordVideo.framework */; };
/* End PBXBuildFile section */

/* Begin PBXFileReference section */
		06835DEE619EDB7BF8E03D3F /* Pods-RecordVideo.debug.xcconfig */ = {isa = PBXFileReference; includeInIndex = 1; lastKnownFileType = text.xcconfig; name = "Pods-RecordVideo.debug.xcconfig"; path = "Target Support Files/Pods-RecordVideo/Pods-RecordVideo.debug.xcconfig"; sourceTree = "<group>"; };
		0C5D6D476285C086D1818876 /* Pods-RecordVideo.release.xcconfig */ = {isa = PBXFileReference; includeInIndex = 1; lastKnownFileType = text.xcconfig; name = "Pods-RecordVideo.release.xcconfig"; path = "Target Support Files/Pods-RecordVideo/Pods-RecordVideo.release.xcconfig"; sourceTree = "<group>"; };
		63386957254FAE7900806FDE /* RecordVideo.app */ = {isa = PBXFileReference; explicitFileType = wrapper.application; includeInIndex = 0; path = RecordVideo.app; sourceTree = BUILT_PRODUCTS_DIR; };
		6338695A254FAE7900806FDE /* AppDelegate.h */ = {isa = PBXFileReference; lastKnownFileType = sourcecode.c.h; path = AppDelegate.h; sourceTree = "<group>"; };
		6338695B254FAE7900806FDE /* AppDelegate.m */ = {isa = PBXFileReference; lastKnownFileType = sourcecode.c.objc; path = AppDelegate.m; sourceTree = "<group>"; };
		6338695D254FAE7900806FDE /* SceneDelegate.h */ = {isa = PBXFileReference; lastKnownFileType = sourcecode.c.h; path = SceneDelegate.h; sourceTree = "<group>"; };
		6338695E254FAE7900806FDE /* SceneDelegate.m */ = {isa = PBXFileReference; lastKnownFileType = sourcecode.c.objc; path = SceneDelegate.m; sourceTree = "<group>"; };
		63386960254FAE7900806FDE /* ViewController.h */ = {isa = PBXFileReference; lastKnownFileType = sourcecode.c.h; path = ViewController.h; sourceTree = "<group>"; };
		63386961254FAE7900806FDE /* ViewController.m */ = {isa = PBXFileReference; lastKnownFileType = sourcecode.c.objc; path = ViewController.m; sourceTree = "<group>"; };
		63386964254FAE7900806FDE /* Base */ = {isa = PBXFileReference; lastKnownFileType = file.storyboard; name = Base; path = Base.lproj/Main.storyboard; sourceTree = "<group>"; };
		63386966254FAE7B00806FDE /* Assets.xcassets */ = {isa = PBXFileReference; lastKnownFileType = folder.assetcatalog; path = Assets.xcassets; sourceTree = "<group>"; };
		63386969254FAE7B00806FDE /* Base */ = {isa = PBXFileReference; lastKnownFileType = file.storyboard; name = Base; path = Base.lproj/LaunchScreen.storyboard; sourceTree = "<group>"; };
		6338696B254FAE7B00806FDE /* Info.plist */ = {isa = PBXFileReference; lastKnownFileType = text.plist.xml; path = Info.plist; sourceTree = "<group>"; };
		6338696C254FAE7B00806FDE /* main.m */ = {isa = PBXFileReference; lastKnownFileType = sourcecode.c.objc; path = main.m; sourceTree = "<group>"; };
		63386979254FB3B500806FDE /* RecordViewController.h */ = {isa = PBXFileReference; lastKnownFileType = sourcecode.c.h; path = RecordViewController.h; sourceTree = "<group>"; };
		6338697A254FB3B500806FDE /* RecordViewController.m */ = {isa = PBXFileReference; lastKnownFileType = sourcecode.c.objc; path = RecordViewController.m; sourceTree = "<group>"; };
		6338697D254FB40600806FDE /* cameraView.h */ = {isa = PBXFileReference; lastKnownFileType = sourcecode.c.h; path = cameraView.h; sourceTree = "<group>"; };
		6338697E254FB40600806FDE /* cameraView.m */ = {isa = PBXFileReference; lastKnownFileType = sourcecode.c.objc; path = cameraView.m; sourceTree = "<group>"; };
		63386981254FB49400806FDE /* CameraStatusModel.h */ = {isa = PBXFileReference; lastKnownFileType = sourcecode.c.h; path = CameraStatusModel.h; sourceTree = "<group>"; };
		63386982254FB49400806FDE /* CameraStatusModel.m */ = {isa = PBXFileReference; lastKnownFileType = sourcecode.c.objc; path = CameraStatusModel.m; sourceTree = "<group>"; };
		63386985254FB8A100806FDE /* AVAssetManager.h */ = {isa = PBXFileReference; lastKnownFileType = sourcecode.c.h; path = AVAssetManager.h; sourceTree = "<group>"; };
		63386986254FB8A100806FDE /* AVAssetManager.m */ = {isa = PBXFileReference; lastKnownFileType = sourcecode.c.objc; path = AVAssetManager.m; sourceTree = "<group>"; };
		6338698A254FDD8E00806FDE /* FMRecordProgressView.h */ = {isa = PBXFileReference; fileEncoding = 4; lastKnownFileType = sourcecode.c.h; path = FMRecordProgressView.h; sourceTree = "<group>"; };
		6338698B254FDD8E00806FDE /* UIColor+Hex.m */ = {isa = PBXFileReference; fileEncoding = 4; lastKnownFileType = sourcecode.c.objc; path = "UIColor+Hex.m"; sourceTree = "<group>"; };
		6338698C254FDD8E00806FDE /* XCFileManager.m */ = {isa = PBXFileReference; fileEncoding = 4; lastKnownFileType = sourcecode.c.objc; path = XCFileManager.m; sourceTree = "<group>"; };
		6338698D254FDD8E00806FDE /* FMRecordProgressView.m */ = {isa = PBXFileReference; fileEncoding = 4; lastKnownFileType = sourcecode.c.objc; path = FMRecordProgressView.m; sourceTree = "<group>"; };
		6338698E254FDD8E00806FDE /* UIColor+Hex.h */ = {isa = PBXFileReference; fileEncoding = 4; lastKnownFileType = sourcecode.c.h; path = "UIColor+Hex.h"; sourceTree = "<group>"; };
		6338698F254FDD8E00806FDE /* XCFileManager.h */ = {isa = PBXFileReference; fileEncoding = 4; lastKnownFileType = sourcecode.c.h; path = XCFileManager.h; sourceTree = "<group>"; };
		63C5B1C6255B98D700283312 /* applelogo.jpg */ = {isa = PBXFileReference; lastKnownFileType = image.jpeg; path = applelogo.jpg; sourceTree = "<group>"; };
		63C5B1C9255B997A00283312 /* applelogo.png */ = {isa = PBXFileReference; lastKnownFileType = image.png; path = applelogo.png; sourceTree = "<group>"; };
		63F2B19F25510268005063C6 /* ImagePickerViewController.h */ = {isa = PBXFileReference; lastKnownFileType = sourcecode.c.h; path = ImagePickerViewController.h; sourceTree = "<group>"; };
		63F2B1A025510268005063C6 /* ImagePickerViewController.m */ = {isa = PBXFileReference; lastKnownFileType = sourcecode.c.objc; path = ImagePickerViewController.m; sourceTree = "<group>"; };
		63F2B1A325513F07005063C6 /* RecordAudioViewController.h */ = {isa = PBXFileReference; lastKnownFileType = sourcecode.c.h; path = RecordAudioViewController.h; sourceTree = "<group>"; };
		63F2B1A425513F07005063C6 /* RecordAudioViewController.m */ = {isa = PBXFileReference; lastKnownFileType = sourcecode.c.objc; path = RecordAudioViewController.m; sourceTree = "<group>"; };
		EBC849B5437301F649FE4C42 /* Pods_RecordVideo.framework */ = {isa = PBXFileReference; explicitFileType = wrapper.framework; includeInIndex = 0; path = Pods_RecordVideo.framework; sourceTree = BUILT_PRODUCTS_DIR; };
/* End PBXFileReference section */

/* Begin PBXFrameworksBuildPhase section */
		63386954254FAE7900806FDE /* Frameworks */ = {
			isa = PBXFrameworksBuildPhase;
			buildActionMask = 2147483647;
			files = (
				98FC0C082CFE2D39D4DFE6EC /* Pods_RecordVideo.framework in Frameworks */,
			);
			runOnlyForDeploymentPostprocessing = 0;
		};
/* End PBXFrameworksBuildPhase section */

/* Begin PBXGroup section */
		6338694E254FAE7900806FDE = {
			isa = PBXGroup;
			children = (
				63386959254FAE7900806FDE /* RecordVideo */,
				63386958254FAE7900806FDE /* Products */,
				9434A6A3E8CFD11BC3CB1910 /* Pods */,
				C089A133DBB9C6CB59D2DDB2 /* Frameworks */,
			);
			sourceTree = "<group>";
		};
		63386958254FAE7900806FDE /* Products */ = {
			isa = PBXGroup;
			children = (
				63386957254FAE7900806FDE /* RecordVideo.app */,
			);
			name = Products;
			sourceTree = "<group>";
		};
		63386959254FAE7900806FDE /* RecordVideo */ = {
			isa = PBXGroup;
			children = (
				63386989254FDD8E00806FDE /* Tool */,
				6338695A254FAE7900806FDE /* AppDelegate.h */,
				6338695B254FAE7900806FDE /* AppDelegate.m */,
				6338695D254FAE7900806FDE /* SceneDelegate.h */,
				6338695E254FAE7900806FDE /* SceneDelegate.m */,
				63386960254FAE7900806FDE /* ViewController.h */,
				63386961254FAE7900806FDE /* ViewController.m */,
				63386963254FAE7900806FDE /* Main.storyboard */,
				63386966254FAE7B00806FDE /* Assets.xcassets */,
				63C5B1C9255B997A00283312 /* applelogo.png */,
				63C5B1C6255B98D700283312 /* applelogo.jpg */,
				63386968254FAE7B00806FDE /* LaunchScreen.storyboard */,
				6338696B254FAE7B00806FDE /* Info.plist */,
				6338696C254FAE7B00806FDE /* main.m */,
				63386979254FB3B500806FDE /* RecordViewController.h */,
				6338697A254FB3B500806FDE /* RecordViewController.m */,
				6338697D254FB40600806FDE /* cameraView.h */,
				6338697E254FB40600806FDE /* cameraView.m */,
				63386981254FB49400806FDE /* CameraStatusModel.h */,
				63386982254FB49400806FDE /* CameraStatusModel.m */,
				63386985254FB8A100806FDE /* AVAssetManager.h */,
				63386986254FB8A100806FDE /* AVAssetManager.m */,
				63F2B19F25510268005063C6 /* ImagePickerViewController.h */,
				63F2B1A025510268005063C6 /* ImagePickerViewController.m */,
				63F2B1A325513F07005063C6 /* RecordAudioViewController.h */,
				63F2B1A425513F07005063C6 /* RecordAudioViewController.m */,
			);
			path = RecordVideo;
			sourceTree = "<group>";
		};
		63386989254FDD8E00806FDE /* Tool */ = {
			isa = PBXGroup;
			children = (
				6338698A254FDD8E00806FDE /* FMRecordProgressView.h */,
				6338698B254FDD8E00806FDE /* UIColor+Hex.m */,
				6338698C254FDD8E00806FDE /* XCFileManager.m */,
				6338698D254FDD8E00806FDE /* FMRecordProgressView.m */,
				6338698E254FDD8E00806FDE /* UIColor+Hex.h */,
				6338698F254FDD8E00806FDE /* XCFileManager.h */,
			);
			path = Tool;
			sourceTree = "<group>";
		};
		9434A6A3E8CFD11BC3CB1910 /* Pods */ = {
			isa = PBXGroup;
			children = (
				06835DEE619EDB7BF8E03D3F /* Pods-RecordVideo.debug.xcconfig */,
				0C5D6D476285C086D1818876 /* Pods-RecordVideo.release.xcconfig */,
			);
			path = Pods;
			sourceTree = "<group>";
		};
		C089A133DBB9C6CB59D2DDB2 /* Frameworks */ = {
			isa = PBXGroup;
			children = (
				EBC849B5437301F649FE4C42 /* Pods_RecordVideo.framework */,
			);
			name = Frameworks;
			sourceTree = "<group>";
		};
/* End PBXGroup section */

/* Begin PBXNativeTarget section */
		63386956254FAE7900806FDE /* RecordVideo */ = {
			isa = PBXNativeTarget;
			buildConfigurationList = 63386970254FAE7B00806FDE /* Build configuration list for PBXNativeTarget "RecordVideo" */;
			buildPhases = (
				F72F047ED47263F810963CA1 /* [CP] Check Pods Manifest.lock */,
				63386953254FAE7900806FDE /* Sources */,
				63386954254FAE7900806FDE /* Frameworks */,
				63386955254FAE7900806FDE /* Resources */,
				3931724A2DA6A8755411DE0B /* [CP] Embed Pods Frameworks */,
			);
			buildRules = (
			);
			dependencies = (
			);
			name = RecordVideo;
			productName = RecordVideo;
			productReference = 63386957254FAE7900806FDE /* RecordVideo.app */;
			productType = "com.apple.product-type.application";
		};
/* End PBXNativeTarget section */

/* Begin PBXProject section */
		6338694F254FAE7900806FDE /* Project object */ = {
			isa = PBXProject;
			attributes = {
				LastUpgradeCheck = 1210;
				TargetAttributes = {
					63386956254FAE7900806FDE = {
						CreatedOnToolsVersion = 12.1;
					};
				};
			};
			buildConfigurationList = 63386952254FAE7900806FDE /* Build configuration list for PBXProject "RecordVideo" */;
			compatibilityVersion = "Xcode 9.3";
			developmentRegion = en;
			hasScannedForEncodings = 0;
			knownRegions = (
				en,
				Base,
			);
			mainGroup = 6338694E254FAE7900806FDE;
			productRefGroup = 63386958254FAE7900806FDE /* Products */;
			projectDirPath = "";
			projectRoot = "";
			targets = (
				63386956254FAE7900806FDE /* RecordVideo */,
			);
		};
/* End PBXProject section */

/* Begin PBXResourcesBuildPhase section */
		63386955254FAE7900806FDE /* Resources */ = {
			isa = PBXResourcesBuildPhase;
			buildActionMask = 2147483647;
			files = (
				6338696A254FAE7B00806FDE /* LaunchScreen.storyboard in Resources */,
				63C5B1CA255B997A00283312 /* applelogo.png in Resources */,
				63386967254FAE7B00806FDE /* Assets.xcassets in Resources */,
				63386965254FAE7900806FDE /* Main.storyboard in Resources */,
				63C5B1C7255B98D700283312 /* applelogo.jpg in Resources */,
			);
			runOnlyForDeploymentPostprocessing = 0;
		};
/* End PBXResourcesBuildPhase section */

/* Begin PBXShellScriptBuildPhase section */
		3931724A2DA6A8755411DE0B /* [CP] Embed Pods Frameworks */ = {
			isa = PBXShellScriptBuildPhase;
			buildActionMask = 2147483647;
			files = (
			);
			inputFileListPaths = (
				"${PODS_ROOT}/Target Support Files/Pods-RecordVideo/Pods-RecordVideo-frameworks-${CONFIGURATION}-input-files.xcfilelist",
			);
			name = "[CP] Embed Pods Frameworks";
			outputFileListPaths = (
				"${PODS_ROOT}/Target Support Files/Pods-RecordVideo/Pods-RecordVideo-frameworks-${CONFIGURATION}-output-files.xcfilelist",
			);
			runOnlyForDeploymentPostprocessing = 0;
			shellPath = /bin/sh;
			shellScript = "\"${PODS_ROOT}/Target Support Files/Pods-RecordVideo/Pods-RecordVideo-frameworks.sh\"\n";
			showEnvVarsInLog = 0;
		};
		F72F047ED47263F810963CA1 /* [CP] Check Pods Manifest.lock */ = {
			isa = PBXShellScriptBuildPhase;
			buildActionMask = 2147483647;
			files = (
			);
			inputFileListPaths = (
			);
			inputPaths = (
				"${PODS_PODFILE_DIR_PATH}/Podfile.lock",
				"${PODS_ROOT}/Manifest.lock",
			);
			name = "[CP] Check Pods Manifest.lock";
			outputFileListPaths = (
			);
			outputPaths = (
				"$(DERIVED_FILE_DIR)/Pods-RecordVideo-checkManifestLockResult.txt",
			);
			runOnlyForDeploymentPostprocessing = 0;
			shellPath = /bin/sh;
			shellScript = "diff \"${PODS_PODFILE_DIR_PATH}/Podfile.lock\" \"${PODS_ROOT}/Manifest.lock\" > /dev/null\nif [ $? != 0 ] ; then\n    # print error to STDERR\n    echo \"error: The sandbox is not in sync with the Podfile.lock. Run 'pod install' or update your CocoaPods installation.\" >&2\n    exit 1\nfi\n# This output is used by Xcode 'outputs' to avoid re-running this script phase.\necho \"SUCCESS\" > \"${SCRIPT_OUTPUT_FILE_0}\"\n";
			showEnvVarsInLog = 0;
		};
/* End PBXShellScriptBuildPhase section */

/* Begin PBXSourcesBuildPhase section */
		63386953254FAE7900806FDE /* Sources */ = {
			isa = PBXSourcesBuildPhase;
			buildActionMask = 2147483647;
			files = (
				63386962254FAE7900806FDE /* ViewController.m in Sources */,
				6338695C254FAE7900806FDE /* AppDelegate.m in Sources */,
				6338696D254FAE7B00806FDE /* main.m in Sources */,
				6338697F254FB40600806FDE /* cameraView.m in Sources */,
				63386990254FDD8E00806FDE /* UIColor+Hex.m in Sources */,
				63386983254FB49400806FDE /* CameraStatusModel.m in Sources */,
				63386987254FB8A100806FDE /* AVAssetManager.m in Sources */,
				63386992254FDD8E00806FDE /* FMRecordProgressView.m in Sources */,
				63F2B1A525513F07005063C6 /* RecordAudioViewController.m in Sources */,
				6338695F254FAE7900806FDE /* SceneDelegate.m in Sources */,
				63386991254FDD8E00806FDE /* XCFileManager.m in Sources */,
				63F2B1A125510268005063C6 /* ImagePickerViewController.m in Sources */,
				6338697B254FB3B500806FDE /* RecordViewController.m in Sources */,
			);
			runOnlyForDeploymentPostprocessing = 0;
		};
/* End PBXSourcesBuildPhase section */

/* Begin PBXVariantGroup section */
		63386963254FAE7900806FDE /* Main.storyboard */ = {
			isa = PBXVariantGroup;
			children = (
				63386964254FAE7900806FDE /* Base */,
			);
			name = Main.storyboard;
			sourceTree = "<group>";
		};
		63386968254FAE7B00806FDE /* LaunchScreen.storyboard */ = {
			isa = PBXVariantGroup;
			children = (
				63386969254FAE7B00806FDE /* Base */,
			);
			name = LaunchScreen.storyboard;
			sourceTree = "<group>";
		};
/* End PBXVariantGroup section */

/* Begin XCBuildConfiguration section */
		6338696E254FAE7B00806FDE /* Debug */ = {
			isa = XCBuildConfiguration;
			buildSettings = {
				ALWAYS_SEARCH_USER_PATHS = NO;
				CLANG_ANALYZER_NONNULL = YES;
				CLANG_ANALYZER_NUMBER_OBJECT_CONVERSION = YES_AGGRESSIVE;
				CLANG_CXX_LANGUAGE_STANDARD = "gnu++14";
				CLANG_CXX_LIBRARY = "libc++";
				CLANG_ENABLE_MODULES = YES;
				CLANG_ENABLE_OBJC_ARC = YES;
				CLANG_ENABLE_OBJC_WEAK = YES;
				CLANG_WARN_BLOCK_CAPTURE_AUTORELEASING = YES;
				CLANG_WARN_BOOL_CONVERSION = YES;
				CLANG_WARN_COMMA = YES;
				CLANG_WARN_CONSTANT_CONVERSION = YES;
				CLANG_WARN_DEPRECATED_OBJC_IMPLEMENTATIONS = YES;
				CLANG_WARN_DIRECT_OBJC_ISA_USAGE = YES_ERROR;
				CLANG_WARN_DOCUMENTATION_COMMENTS = YES;
				CLANG_WARN_EMPTY_BODY = YES;
				CLANG_WARN_ENUM_CONVERSION = YES;
				CLANG_WARN_INFINITE_RECURSION = YES;
				CLANG_WARN_INT_CONVERSION = YES;
				CLANG_WARN_NON_LITERAL_NULL_CONVERSION = YES;
				CLANG_WARN_OBJC_IMPLICIT_RETAIN_SELF = YES;
				CLANG_WARN_OBJC_LITERAL_CONVERSION = YES;
				CLANG_WARN_OBJC_ROOT_CLASS = YES_ERROR;
				CLANG_WARN_QUOTED_INCLUDE_IN_FRAMEWORK_HEADER = YES;
				CLANG_WARN_RANGE_LOOP_ANALYSIS = YES;
				CLANG_WARN_STRICT_PROTOTYPES = YES;
				CLANG_WARN_SUSPICIOUS_MOVE = YES;
				CLANG_WARN_UNGUARDED_AVAILABILITY = YES_AGGRESSIVE;
				CLANG_WARN_UNREACHABLE_CODE = YES;
				CLANG_WARN__DUPLICATE_METHOD_MATCH = YES;
				COPY_PHASE_STRIP = NO;
				DEBUG_INFORMATION_FORMAT = dwarf;
				ENABLE_STRICT_OBJC_MSGSEND = YES;
				ENABLE_TESTABILITY = YES;
				GCC_C_LANGUAGE_STANDARD = gnu11;
				GCC_DYNAMIC_NO_PIC = NO;
				GCC_NO_COMMON_BLOCKS = YES;
				GCC_OPTIMIZATION_LEVEL = 0;
				GCC_PREPROCESSOR_DEFINITIONS = (
					"DEBUG=1",
					"$(inherited)",
				);
				GCC_WARN_64_TO_32_BIT_CONVERSION = YES;
				GCC_WARN_ABOUT_RETURN_TYPE = YES_ERROR;
				GCC_WARN_UNDECLARED_SELECTOR = YES;
				GCC_WARN_UNINITIALIZED_AUTOS = YES_AGGRESSIVE;
				GCC_WARN_UNUSED_FUNCTION = YES;
				GCC_WARN_UNUSED_VARIABLE = YES;
				IPHONEOS_DEPLOYMENT_TARGET = 14.1;
				MTL_ENABLE_DEBUG_INFO = INCLUDE_SOURCE;
				MTL_FAST_MATH = YES;
				ONLY_ACTIVE_ARCH = YES;
				SDKROOT = iphoneos;
			};
			name = Debug;
		};
		6338696F254FAE7B00806FDE /* Release */ = {
			isa = XCBuildConfiguration;
			buildSettings = {
				ALWAYS_SEARCH_USER_PATHS = NO;
				CLANG_ANALYZER_NONNULL = YES;
				CLANG_ANALYZER_NUMBER_OBJECT_CONVERSION = YES_AGGRESSIVE;
				CLANG_CXX_LANGUAGE_STANDARD = "gnu++14";
				CLANG_CXX_LIBRARY = "libc++";
				CLANG_ENABLE_MODULES = YES;
				CLANG_ENABLE_OBJC_ARC = YES;
				CLANG_ENABLE_OBJC_WEAK = YES;
				CLANG_WARN_BLOCK_CAPTURE_AUTORELEASING = YES;
				CLANG_WARN_BOOL_CONVERSION = YES;
				CLANG_WARN_COMMA = YES;
				CLANG_WARN_CONSTANT_CONVERSION = YES;
				CLANG_WARN_DEPRECATED_OBJC_IMPLEMENTATIONS = YES;
				CLANG_WARN_DIRECT_OBJC_ISA_USAGE = YES_ERROR;
				CLANG_WARN_DOCUMENTATION_COMMENTS = YES;
				CLANG_WARN_EMPTY_BODY = YES;
				CLANG_WARN_ENUM_CONVERSION = YES;
				CLANG_WARN_INFINITE_RECURSION = YES;
				CLANG_WARN_INT_CONVERSION = YES;
				CLANG_WARN_NON_LITERAL_NULL_CONVERSION = YES;
				CLANG_WARN_OBJC_IMPLICIT_RETAIN_SELF = YES;
				CLANG_WARN_OBJC_LITERAL_CONVERSION = YES;
				CLANG_WARN_OBJC_ROOT_CLASS = YES_ERROR;
				CLANG_WARN_QUOTED_INCLUDE_IN_FRAMEWORK_HEADER = YES;
				CLANG_WARN_RANGE_LOOP_ANALYSIS = YES;
				CLANG_WARN_STRICT_PROTOTYPES = YES;
				CLANG_WARN_SUSPICIOUS_MOVE = YES;
				CLANG_WARN_UNGUARDED_AVAILABILITY = YES_AGGRESSIVE;
				CLANG_WARN_UNREACHABLE_CODE = YES;
				CLANG_WARN__DUPLICATE_METHOD_MATCH = YES;
				COPY_PHASE_STRIP = NO;
				DEBUG_INFORMATION_FORMAT = "dwarf-with-dsym";
				ENABLE_NS_ASSERTIONS = NO;
				ENABLE_STRICT_OBJC_MSGSEND = YES;
				GCC_C_LANGUAGE_STANDARD = gnu11;
				GCC_NO_COMMON_BLOCKS = YES;
				GCC_WARN_64_TO_32_BIT_CONVERSION = YES;
				GCC_WARN_ABOUT_RETURN_TYPE = YES_ERROR;
				GCC_WARN_UNDECLARED_SELECTOR = YES;
				GCC_WARN_UNINITIALIZED_AUTOS = YES_AGGRESSIVE;
				GCC_WARN_UNUSED_FUNCTION = YES;
				GCC_WARN_UNUSED_VARIABLE = YES;
				IPHONEOS_DEPLOYMENT_TARGET = 14.1;
				MTL_ENABLE_DEBUG_INFO = NO;
				MTL_FAST_MATH = YES;
				SDKROOT = iphoneos;
				VALIDATE_PRODUCT = YES;
			};
			name = Release;
		};
		63386971254FAE7B00806FDE /* Debug */ = {
			isa = XCBuildConfiguration;
			baseConfigurationReference = 06835DEE619EDB7BF8E03D3F /* Pods-RecordVideo.debug.xcconfig */;
			buildSettings = {
				ASSETCATALOG_COMPILER_APPICON_NAME = AppIcon;
				ASSETCATALOG_COMPILER_GLOBAL_ACCENT_COLOR_NAME = AccentColor;
				CODE_SIGN_STYLE = Automatic;
				DEVELOPMENT_TEAM = 479DV2RK3V;
				INFOPLIST_FILE = RecordVideo/Info.plist;
				IPHONEOS_DEPLOYMENT_TARGET = 12.0;
				LD_RUNPATH_SEARCH_PATHS = (
					"$(inherited)",
					"@executable_path/Frameworks",
				);
				PRODUCT_BUNDLE_IDENTIFIER = gmail.com.jp.nttdata.WebSocketUsage;
				PRODUCT_NAME = "$(TARGET_NAME)";
				TARGETED_DEVICE_FAMILY = "1,2";
			};
			name = Debug;
		};
		63386972254FAE7B00806FDE /* Release */ = {
			isa = XCBuildConfiguration;
			baseConfigurationReference = 0C5D6D476285C086D1818876 /* Pods-RecordVideo.release.xcconfig */;
			buildSettings = {
				ASSETCATALOG_COMPILER_APPICON_NAME = AppIcon;
				ASSETCATALOG_COMPILER_GLOBAL_ACCENT_COLOR_NAME = AccentColor;
				CODE_SIGN_STYLE = Automatic;
				DEVELOPMENT_TEAM = 479DV2RK3V;
				INFOPLIST_FILE = RecordVideo/Info.plist;
				IPHONEOS_DEPLOYMENT_TARGET = 12.0;
				LD_RUNPATH_SEARCH_PATHS = (
					"$(inherited)",
					"@executable_path/Frameworks",
				);
				PRODUCT_BUNDLE_IDENTIFIER = gmail.com.jp.nttdata.WebSocketUsage;
				PRODUCT_NAME = "$(TARGET_NAME)";
				TARGETED_DEVICE_FAMILY = "1,2";
			};
			name = Release;
		};
/* End XCBuildConfiguration section */

/* Begin XCConfigurationList section */
		63386952254FAE7900806FDE /* Build configuration list for PBXProject "RecordVideo" */ = {
			isa = XCConfigurationList;
			buildConfigurations = (
				6338696E254FAE7B00806FDE /* Debug */,
				6338696F254FAE7B00806FDE /* Release */,
			);
			defaultConfigurationIsVisible = 0;
			defaultConfigurationName = Release;
		};
		63386970254FAE7B00806FDE /* Build configuration list for PBXNativeTarget "RecordVideo" */ = {
			isa = XCConfigurationList;
			buildConfigurations = (
				63386971254FAE7B00806FDE /* Debug */,
				63386972254FAE7B00806FDE /* Release */,
			);
			defaultConfigurationIsVisible = 0;
			defaultConfigurationName = Release;
		};
/* End XCConfigurationList section */
	};
	rootObject = 6338694F254FAE7900806FDE /* Project object */;
}
